
Microsoft Visual Studio Solution File, Format Version 12.00
# Visual Studio Version 16
VisualStudioVersion = 16.0.29326.143
MinimumVisualStudioVersion = 10.0.40219.1
Project("{FAE04EC0-301F-11D3-BF4B-00C04F79EFBC}") = "HomeStay", "HomeStay\HomeStay.csproj", "{1F773E3E-769B-4F24-87FA-58ABC6AEA97E}"
EndProject
Global
	GlobalSection(SolutionConfigurationPlatforms) = preSolution
		Debug|Any CPU = Debug|Any CPU
		Release|Any CPU = Release|Any CPU
	EndGlobalSection
	GlobalSection(ProjectConfigurationPlatforms) = postSolution
		{1F773E3E-769B-4F24-87FA-58ABC6AEA97E}.Debug|Any CPU.ActiveCfg = Debug|Any CPU
		{1F773E3E-769B-4F24-87FA-58ABC6AEA97E}.Debug|Any CPU.Build.0 = Debug|Any CPU
		{1F773E3E-769B-4F24-87FA-58ABC6AEA97E}.Release|Any CPU.ActiveCfg = Release|Any CPU
		{1F773E3E-769B-4F24-87FA-58ABC6AEA97E}.Release|Any CPU.Build.0 = Release|Any CPU
	EndGlobalSection
	GlobalSection(SolutionProperties) = preSolution
		HideSolutionNode = FALSE
	EndGlobalSection
	GlobalSection(ExtensibilityGlobals) = postSolution
		SolutionGuid = {B197C3B6-63B1-4523-B178-D529C37BB950}
	EndGlobalSection
EndGlobal
